
Microsoft Visual Studio Solution File, Format Version 12.00
# Visual Studio Version 17
VisualStudioVersion = 17.5.33530.505
MinimumVisualStudioVersion = 10.0.40219.1
Project("{FAE04EC0-301F-11D3-BF4B-00C04F79EFBC}") = "Entities", "Entities\Entities.csproj", "{6FB0B2E9-F4AA-4D81-A3D7-C796AC7086D4}"
EndProject
Project("{FAE04EC0-301F-11D3-BF4B-00C04F79EFBC}") = "DataAccess", "DataAccess\DataAccess.csproj", "{AE2FABEC-24F7-4BB8-8080-770EDE998646}"
EndProject
Project("{FAE04EC0-301F-11D3-BF4B-00C04F79EFBC}") = "Business", "Business\Business.csproj", "{45F0F3B5-20D5-4C29-8D6F-C65CA0D40983}"
EndProject
Project("{FAE04EC0-301F-11D3-BF4B-00C04F79EFBC}") = "Core", "Core\Core.csproj", "{7AFDDE85-286E-4C69-ABD1-2D6243767EFD}"
EndProject
Project("{FAE04EC0-301F-11D3-BF4B-00C04F79EFBC}") = "WebAPI", "WebAPI\WebAPI.csproj", "{2F149DF7-B4C6-4B8B-A921-73EEC244E5A1}"
EndProject
Global
	GlobalSection(SolutionConfigurationPlatforms) = preSolution
		Debug|Any CPU = Debug|Any CPU
		Release|Any CPU = Release|Any CPU
	EndGlobalSection
	GlobalSection(ProjectConfigurationPlatforms) = postSolution
		{6FB0B2E9-F4AA-4D81-A3D7-C796AC7086D4}.Debug|Any CPU.ActiveCfg = Debug|Any CPU
		{6FB0B2E9-F4AA-4D81-A3D7-C796AC7086D4}.Debug|Any CPU.Build.0 = Debug|Any CPU
		{6FB0B2E9-F4AA-4D81-A3D7-C796AC7086D4}.Release|Any CPU.ActiveCfg = Release|Any CPU
		{6FB0B2E9-F4AA-4D81-A3D7-C796AC7086D4}.Release|Any CPU.Build.0 = Release|Any CPU
		{AE2FABEC-24F7-4BB8-8080-770EDE998646}.Debug|Any CPU.ActiveCfg = Debug|Any CPU
		{AE2FABEC-24F7-4BB8-8080-770EDE998646}.Debug|Any CPU.Build.0 = Debug|Any CPU
		{AE2FABEC-24F7-4BB8-8080-770EDE998646}.Release|Any CPU.ActiveCfg = Release|Any CPU
		{AE2FABEC-24F7-4BB8-8080-770EDE998646}.Release|Any CPU.Build.0 = Release|Any CPU
		{45F0F3B5-20D5-4C29-8D6F-C65CA0D40983}.Debug|Any CPU.ActiveCfg = Debug|Any CPU
		{45F0F3B5-20D5-4C29-8D6F-C65CA0D40983}.Debug|Any CPU.Build.0 = Debug|Any CPU
		{45F0F3B5-20D5-4C29-8D6F-C65CA0D40983}.Release|Any CPU.ActiveCfg = Release|Any CPU
		{45F0F3B5-20D5-4C29-8D6F-C65CA0D40983}.Release|Any CPU.Build.0 = Release|Any CPU
		{7AFDDE85-286E-4C69-ABD1-2D6243767EFD}.Debug|Any CPU.ActiveCfg = Debug|Any CPU
		{7AFDDE85-286E-4C69-ABD1-2D6243767EFD}.Debug|Any CPU.Build.0 = Debug|Any CPU
		{7AFDDE85-286E-4C69-ABD1-2D6243767EFD}.Release|Any CPU.ActiveCfg = Release|Any CPU
		{7AFDDE85-286E-4C69-ABD1-2D6243767EFD}.Release|Any CPU.Build.0 = Release|Any CPU
		{2F149DF7-B4C6-4B8B-A921-73EEC244E5A1}.Debug|Any CPU.ActiveCfg = Debug|Any CPU
		{2F149DF7-B4C6-4B8B-A921-73EEC244E5A1}.Debug|Any CPU.Build.0 = Debug|Any CPU
		{2F149DF7-B4C6-4B8B-A921-73EEC244E5A1}.Release|Any CPU.ActiveCfg = Release|Any CPU
		{2F149DF7-B4C6-4B8B-A921-73EEC244E5A1}.Release|Any CPU.Build.0 = Release|Any CPU
	EndGlobalSection
	GlobalSection(SolutionProperties) = preSolution
		HideSolutionNode = FALSE
	EndGlobalSection
	GlobalSection(ExtensibilityGlobals) = postSolution
		SolutionGuid = {85FCE9BC-C13F-44E2-BA54-B7F1EF6FAF14}
	EndGlobalSection
EndGlobal
